
Microsoft Visual Studio Solution File, Format Version 12.00
# Visual Studio 2012
Project("{FAE04EC0-301F-11D3-BF4B-00C04F79EFBC}") = "LetsMakeAGame", "LetsMakeAGame\LetsMakeAGame.csproj", "{6BD157E0-39BC-471F-9264-6D1008B78C29}"
EndProject
Project("{FAE04EC0-301F-11D3-BF4B-00C04F79EFBC}") = "LMAG", "LMAG\LMAG\LMAG.csproj", "{922D9377-F525-44A1-BC0A-84B85561EF0C}"
EndProject
Project("{FAE04EC0-301F-11D3-BF4B-00C04F79EFBC}") = "LMAGContent", "LMAG\LMAGContent\LMAGContent.contentproj", "{99828554-2646-4732-B1A1-227A2FB01800}"
EndProject
Global
	GlobalSection(SolutionConfigurationPlatforms) = preSolution
		Android|Any CPU = Android|Any CPU
		Android|x86 = Android|x86
		Debug|Any CPU = Debug|Any CPU
		Debug|x86 = Debug|x86
		iOS|Any CPU = iOS|Any CPU
		iOS|x86 = iOS|x86
		Linux|Any CPU = Linux|Any CPU
		Linux|x86 = Linux|x86
		OSX|Any CPU = OSX|Any CPU
		OSX|x86 = OSX|x86
		PSM|Any CPU = PSM|Any CPU
		PSM|x86 = PSM|x86
		Release|Any CPU = Release|Any CPU
		Release|x86 = Release|x86
		Windows|Any CPU = Windows|Any CPU
		Windows|x86 = Windows|x86
		Windows8|Any CPU = Windows8|Any CPU
		Windows8|x86 = Windows8|x86
	EndGlobalSection
	GlobalSection(ProjectConfigurationPlatforms) = postSolution
		{6BD157E0-39BC-471F-9264-6D1008B78C29}.Android|Any CPU.ActiveCfg = Release|x86
		{6BD157E0-39BC-471F-9264-6D1008B78C29}.Android|x86.ActiveCfg = Release|x86
		{6BD157E0-39BC-471F-9264-6D1008B78C29}.Debug|Any CPU.ActiveCfg = Debug|x86
		{6BD157E0-39BC-471F-9264-6D1008B78C29}.Debug|x86.ActiveCfg = Debug|x86
		{6BD157E0-39BC-471F-9264-6D1008B78C29}.Debug|x86.Build.0 = Debug|x86
		{6BD157E0-39BC-471F-9264-6D1008B78C29}.iOS|Any CPU.ActiveCfg = Release|x86
		{6BD157E0-39BC-471F-9264-6D1008B78C29}.iOS|x86.ActiveCfg = Release|x86
		{6BD157E0-39BC-471F-9264-6D1008B78C29}.Linux|Any CPU.ActiveCfg = Release|x86
		{6BD157E0-39BC-471F-9264-6D1008B78C29}.Linux|x86.ActiveCfg = Release|x86
		{6BD157E0-39BC-471F-9264-6D1008B78C29}.OSX|Any CPU.ActiveCfg = Release|x86
		{6BD157E0-39BC-471F-9264-6D1008B78C29}.OSX|x86.ActiveCfg = Release|x86
		{6BD157E0-39BC-471F-9264-6D1008B78C29}.PSM|Any CPU.ActiveCfg = Release|x86
		{6BD157E0-39BC-471F-9264-6D1008B78C29}.PSM|x86.ActiveCfg = Release|x86
		{6BD157E0-39BC-471F-9264-6D1008B78C29}.Release|Any CPU.ActiveCfg = Release|x86
		{6BD157E0-39BC-471F-9264-6D1008B78C29}.Release|x86.ActiveCfg = Release|x86
		{6BD157E0-39BC-471F-9264-6D1008B78C29}.Release|x86.Build.0 = Release|x86
		{6BD157E0-39BC-471F-9264-6D1008B78C29}.Windows|Any CPU.ActiveCfg = Release|x86
		{6BD157E0-39BC-471F-9264-6D1008B78C29}.Windows|x86.ActiveCfg = Release|x86
		{6BD157E0-39BC-471F-9264-6D1008B78C29}.Windows8|Any CPU.ActiveCfg = Release|x86
		{6BD157E0-39BC-471F-9264-6D1008B78C29}.Windows8|x86.ActiveCfg = Release|x86
		{922D9377-F525-44A1-BC0A-84B85561EF0C}.Android|Any CPU.ActiveCfg = Android|Any CPU
		{922D9377-F525-44A1-BC0A-84B85561EF0C}.Android|Any CPU.Build.0 = Android|Any CPU
		{922D9377-F525-44A1-BC0A-84B85561EF0C}.Android|x86.ActiveCfg = Android|Any CPU
		{922D9377-F525-44A1-BC0A-84B85561EF0C}.Debug|Any CPU.ActiveCfg = PSM|Any CPU
		{922D9377-F525-44A1-BC0A-84B85561EF0C}.Debug|Any CPU.Build.0 = PSM|Any CPU
		{922D9377-F525-44A1-BC0A-84B85561EF0C}.Debug|x86.ActiveCfg = Windows|Any CPU
		{922D9377-F525-44A1-BC0A-84B85561EF0C}.Debug|x86.Build.0 = Windows|Any CPU
		{922D9377-F525-44A1-BC0A-84B85561EF0C}.iOS|Any CPU.ActiveCfg = iOS|Any CPU
		{922D9377-F525-44A1-BC0A-84B85561EF0C}.iOS|Any CPU.Build.0 = iOS|Any CPU
		{922D9377-F525-44A1-BC0A-84B85561EF0C}.iOS|x86.ActiveCfg = iOS|Any CPU
		{922D9377-F525-44A1-BC0A-84B85561EF0C}.Linux|Any CPU.ActiveCfg = Linux|Any CPU
		{922D9377-F525-44A1-BC0A-84B85561EF0C}.Linux|Any CPU.Build.0 = Linux|Any CPU
		{922D9377-F525-44A1-BC0A-84B85561EF0C}.Linux|x86.ActiveCfg = Linux|Any CPU
		{922D9377-F525-44A1-BC0A-84B85561EF0C}.OSX|Any CPU.ActiveCfg = OSX|Any CPU
		{922D9377-F525-44A1-BC0A-84B85561EF0C}.OSX|Any CPU.Build.0 = OSX|Any CPU
		{922D9377-F525-44A1-BC0A-84B85561EF0C}.OSX|x86.ActiveCfg = OSX|Any CPU
		{922D9377-F525-44A1-BC0A-84B85561EF0C}.PSM|Any CPU.ActiveCfg = PSM|Any CPU
		{922D9377-F525-44A1-BC0A-84B85561EF0C}.PSM|Any CPU.Build.0 = PSM|Any CPU
		{922D9377-F525-44A1-BC0A-84B85561EF0C}.PSM|x86.ActiveCfg = PSM|Any CPU
		{922D9377-F525-44A1-BC0A-84B85561EF0C}.Release|Any CPU.ActiveCfg = PSM|Any CPU
		{922D9377-F525-44A1-BC0A-84B85561EF0C}.Release|Any CPU.Build.0 = PSM|Any CPU
		{922D9377-F525-44A1-BC0A-84B85561EF0C}.Release|x86.ActiveCfg = PSM|Any CPU
		{922D9377-F525-44A1-BC0A-84B85561EF0C}.Windows|Any CPU.ActiveCfg = Windows|Any CPU
		{922D9377-F525-44A1-BC0A-84B85561EF0C}.Windows|Any CPU.Build.0 = Windows|Any CPU
		{922D9377-F525-44A1-BC0A-84B85561EF0C}.Windows|x86.ActiveCfg = Windows|Any CPU
		{922D9377-F525-44A1-BC0A-84B85561EF0C}.Windows8|Any CPU.ActiveCfg = Windows8|Any CPU
		{922D9377-F525-44A1-BC0A-84B85561EF0C}.Windows8|Any CPU.Build.0 = Windows8|Any CPU
		{922D9377-F525-44A1-BC0A-84B85561EF0C}.Windows8|x86.ActiveCfg = Windows8|Any CPU
		{99828554-2646-4732-B1A1-227A2FB01800}.Android|Any CPU.ActiveCfg = Android|Any CPU
		{99828554-2646-4732-B1A1-227A2FB01800}.Android|x86.ActiveCfg = Android|Any CPU
		{99828554-2646-4732-B1A1-227A2FB01800}.Debug|Any CPU.ActiveCfg = PSM|Any CPU
		{99828554-2646-4732-B1A1-227A2FB01800}.Debug|x86.ActiveCfg = PSM|Any CPU
		{99828554-2646-4732-B1A1-227A2FB01800}.iOS|Any CPU.ActiveCfg = iOS|Any CPU
		{99828554-2646-4732-B1A1-227A2FB01800}.iOS|x86.ActiveCfg = iOS|Any CPU
		{99828554-2646-4732-B1A1-227A2FB01800}.Linux|Any CPU.ActiveCfg = Linux|Any CPU
		{99828554-2646-4732-B1A1-227A2FB01800}.Linux|x86.ActiveCfg = Linux|Any CPU
		{99828554-2646-4732-B1A1-227A2FB01800}.OSX|Any CPU.ActiveCfg = OSX|Any CPU
		{99828554-2646-4732-B1A1-227A2FB01800}.OSX|x86.ActiveCfg = OSX|Any CPU
		{99828554-2646-4732-B1A1-227A2FB01800}.PSM|Any CPU.ActiveCfg = PSM|Any CPU
		{99828554-2646-4732-B1A1-227A2FB01800}.PSM|x86.ActiveCfg = PSM|Any CPU
		{99828554-2646-4732-B1A1-227A2FB01800}.Release|Any CPU.ActiveCfg = PSM|Any CPU
		{99828554-2646-4732-B1A1-227A2FB01800}.Release|x86.ActiveCfg = PSM|Any CPU
		{99828554-2646-4732-B1A1-227A2FB01800}.Windows|Any CPU.ActiveCfg = Windows|Any CPU
		{99828554-2646-4732-B1A1-227A2FB01800}.Windows|x86.ActiveCfg = Windows|Any CPU
		{99828554-2646-4732-B1A1-227A2FB01800}.Windows8|Any CPU.ActiveCfg = Windows8|Any CPU
		{99828554-2646-4732-B1A1-227A2FB01800}.Windows8|x86.ActiveCfg = Windows8|Any CPU
	EndGlobalSection
	GlobalSection(SolutionProperties) = preSolution
		HideSolutionNode = FALSE
	EndGlobalSection
EndGlobal
